
Microsoft Visual Studio Solution File, Format Version 12.00
# Visual Studio 2013
VisualStudioVersion = 12.0.30501.0
MinimumVisualStudioVersion = 10.0.40219.1
Project("{FAE04EC0-301F-11D3-BF4B-00C04F79EFBC}") = "Transactions", "Transactions\Transactions.csproj", "{BC832B09-D345-4D47-8887-65728A548475}"
EndProject
Project("{FAE04EC0-301F-11D3-BF4B-00C04F79EFBC}") = "Primitives", "Primitives\Primitives.csproj", "{D7D97875-C779-4C79-8DD5-206C9D185E50}"
EndProject
Project("{2150E333-8FDC-42A3-9474-1A3956D46DE8}") = "1. GraphOperations", "1. GraphOperations", "{7943B4B0-13B6-420B-9558-A09DA0358E1A}"
EndProject
Project("{2150E333-8FDC-42A3-9474-1A3956D46DE8}") = "Common", "Common", "{AA4A342C-F06B-41B4-B732-6D6F62E190EA}"
	ProjectSection(SolutionItems) = preProject
		Common\Helpers.cs = Common\Helpers.cs
		Common\Names.cs = Common\Names.cs
	EndProjectSection
EndProject
Project("{FAE04EC0-301F-11D3-BF4B-00C04F79EFBC}") = "ReadWrite", "ReadWrite\ReadWrite.csproj", "{00F81B8E-94B1-47C0-9EF0-A97F72FCE3B2}"
EndProject
Project("{FAE04EC0-301F-11D3-BF4B-00C04F79EFBC}") = "N3", "N3\N3.csproj", "{B41534FD-E39A-44D3-8CDE-1A5A4692C253}"
EndProject
Project("{FAE04EC0-301F-11D3-BF4B-00C04F79EFBC}") = "Unions", "Unions\Unions.csproj", "{8480EDE1-D282-4331-877C-F843CF41A91C}"
EndProject
Project("{2150E333-8FDC-42A3-9474-1A3956D46DE8}") = "2. Storage", "2. Storage", "{FBF10EED-F1AD-460A-BE09-2C0F21EFCB8A}"
EndProject
Project("{FAE04EC0-301F-11D3-BF4B-00C04F79EFBC}") = "PersistentModel", "PersistentModel\PersistentModel.csproj", "{F659C8A2-AD3B-4A90-8CF0-5DA453AA84DF}"
EndProject
Project("{2150E333-8FDC-42A3-9474-1A3956D46DE8}") = "3. Inference", "3. Inference", "{98DB0B9E-BD70-49DF-86BD-47F4A57C09D4}"
EndProject
Project("{FAE04EC0-301F-11D3-BF4B-00C04F79EFBC}") = "Rules", "Rules\Rules.csproj", "{51234D21-F7A5-4CE8-97E2-C2B0147BB82B}"
EndProject
Project("{2150E333-8FDC-42A3-9474-1A3956D46DE8}") = ".nuget", ".nuget", "{90DE36C4-B8FE-45AE-940B-BDB5FD3DA98D}"
	ProjectSection(SolutionItems) = preProject
		.nuget\NuGet.Config = .nuget\NuGet.Config
		.nuget\NuGet.exe = .nuget\NuGet.exe
		.nuget\NuGet.targets = .nuget\NuGet.targets
	EndProjectSection
EndProject
Project("{FAE04EC0-301F-11D3-BF4B-00C04F79EFBC}") = "Builtins", "Builtins\Builtins.csproj", "{F6424480-0A65-4C0A-BD4A-9B437AD808EE}"
EndProject
Global
	GlobalSection(SolutionConfigurationPlatforms) = preSolution
		Debug|Any CPU = Debug|Any CPU
		Release|Any CPU = Release|Any CPU
	EndGlobalSection
	GlobalSection(ProjectConfigurationPlatforms) = postSolution
		{BC832B09-D345-4D47-8887-65728A548475}.Debug|Any CPU.ActiveCfg = Debug|Any CPU
		{BC832B09-D345-4D47-8887-65728A548475}.Debug|Any CPU.Build.0 = Debug|Any CPU
		{BC832B09-D345-4D47-8887-65728A548475}.Release|Any CPU.ActiveCfg = Release|Any CPU
		{BC832B09-D345-4D47-8887-65728A548475}.Release|Any CPU.Build.0 = Release|Any CPU
		{D7D97875-C779-4C79-8DD5-206C9D185E50}.Debug|Any CPU.ActiveCfg = Debug|Any CPU
		{D7D97875-C779-4C79-8DD5-206C9D185E50}.Debug|Any CPU.Build.0 = Debug|Any CPU
		{D7D97875-C779-4C79-8DD5-206C9D185E50}.Release|Any CPU.ActiveCfg = Release|Any CPU
		{D7D97875-C779-4C79-8DD5-206C9D185E50}.Release|Any CPU.Build.0 = Release|Any CPU
		{00F81B8E-94B1-47C0-9EF0-A97F72FCE3B2}.Debug|Any CPU.ActiveCfg = Debug|Any CPU
		{00F81B8E-94B1-47C0-9EF0-A97F72FCE3B2}.Debug|Any CPU.Build.0 = Debug|Any CPU
		{00F81B8E-94B1-47C0-9EF0-A97F72FCE3B2}.Release|Any CPU.ActiveCfg = Release|Any CPU
		{00F81B8E-94B1-47C0-9EF0-A97F72FCE3B2}.Release|Any CPU.Build.0 = Release|Any CPU
		{B41534FD-E39A-44D3-8CDE-1A5A4692C253}.Debug|Any CPU.ActiveCfg = Debug|Any CPU
		{B41534FD-E39A-44D3-8CDE-1A5A4692C253}.Debug|Any CPU.Build.0 = Debug|Any CPU
		{B41534FD-E39A-44D3-8CDE-1A5A4692C253}.Release|Any CPU.ActiveCfg = Release|Any CPU
		{B41534FD-E39A-44D3-8CDE-1A5A4692C253}.Release|Any CPU.Build.0 = Release|Any CPU
		{8480EDE1-D282-4331-877C-F843CF41A91C}.Debug|Any CPU.ActiveCfg = Debug|Any CPU
		{8480EDE1-D282-4331-877C-F843CF41A91C}.Debug|Any CPU.Build.0 = Debug|Any CPU
		{8480EDE1-D282-4331-877C-F843CF41A91C}.Release|Any CPU.ActiveCfg = Release|Any CPU
		{8480EDE1-D282-4331-877C-F843CF41A91C}.Release|Any CPU.Build.0 = Release|Any CPU
		{F659C8A2-AD3B-4A90-8CF0-5DA453AA84DF}.Debug|Any CPU.ActiveCfg = Debug|Any CPU
		{F659C8A2-AD3B-4A90-8CF0-5DA453AA84DF}.Debug|Any CPU.Build.0 = Debug|Any CPU
		{F659C8A2-AD3B-4A90-8CF0-5DA453AA84DF}.Release|Any CPU.ActiveCfg = Release|Any CPU
		{F659C8A2-AD3B-4A90-8CF0-5DA453AA84DF}.Release|Any CPU.Build.0 = Release|Any CPU
		{51234D21-F7A5-4CE8-97E2-C2B0147BB82B}.Debug|Any CPU.ActiveCfg = Debug|Any CPU
		{51234D21-F7A5-4CE8-97E2-C2B0147BB82B}.Debug|Any CPU.Build.0 = Debug|Any CPU
		{51234D21-F7A5-4CE8-97E2-C2B0147BB82B}.Release|Any CPU.ActiveCfg = Release|Any CPU
		{51234D21-F7A5-4CE8-97E2-C2B0147BB82B}.Release|Any CPU.Build.0 = Release|Any CPU
		{F6424480-0A65-4C0A-BD4A-9B437AD808EE}.Debug|Any CPU.ActiveCfg = Debug|Any CPU
		{F6424480-0A65-4C0A-BD4A-9B437AD808EE}.Debug|Any CPU.Build.0 = Debug|Any CPU
		{F6424480-0A65-4C0A-BD4A-9B437AD808EE}.Release|Any CPU.ActiveCfg = Release|Any CPU
		{F6424480-0A65-4C0A-BD4A-9B437AD808EE}.Release|Any CPU.Build.0 = Release|Any CPU
	EndGlobalSection
	GlobalSection(SolutionProperties) = preSolution
		HideSolutionNode = FALSE
	EndGlobalSection
	GlobalSection(NestedProjects) = preSolution
		{BC832B09-D345-4D47-8887-65728A548475} = {7943B4B0-13B6-420B-9558-A09DA0358E1A}
		{D7D97875-C779-4C79-8DD5-206C9D185E50} = {7943B4B0-13B6-420B-9558-A09DA0358E1A}
		{00F81B8E-94B1-47C0-9EF0-A97F72FCE3B2} = {7943B4B0-13B6-420B-9558-A09DA0358E1A}
		{B41534FD-E39A-44D3-8CDE-1A5A4692C253} = {7943B4B0-13B6-420B-9558-A09DA0358E1A}
		{8480EDE1-D282-4331-877C-F843CF41A91C} = {7943B4B0-13B6-420B-9558-A09DA0358E1A}
		{F659C8A2-AD3B-4A90-8CF0-5DA453AA84DF} = {FBF10EED-F1AD-460A-BE09-2C0F21EFCB8A}
		{51234D21-F7A5-4CE8-97E2-C2B0147BB82B} = {98DB0B9E-BD70-49DF-86BD-47F4A57C09D4}
		{F6424480-0A65-4C0A-BD4A-9B437AD808EE} = {98DB0B9E-BD70-49DF-86BD-47F4A57C09D4}
	EndGlobalSection
EndGlobal
